
Microsoft Visual Studio Solution File, Format Version 12.00
# Visual Studio 15
Project("{FAE04EC0-301F-11D3-BF4B-00C04F79EFBC}") = "Assembly-CSharp", "Assembly-CSharp.csproj", "{7800B786-45A7-30F9-FF57-E55D0881083F}"
EndProject
Project("{FAE04EC0-301F-11D3-BF4B-00C04F79EFBC}") = "Assembly-CSharp-firstpass", "Assembly-CSharp-firstpass.csproj", "{FF50C1C0-6FAB-38EB-621D-6E2F7A7036CD}"
EndProject
Project("{FAE04EC0-301F-11D3-BF4B-00C04F79EFBC}") = "Assembly-CSharp-Editor", "Assembly-CSharp-Editor.csproj", "{F4196D06-35DC-667F-CD71-F2FC155EB4BD}"
EndProject
Project("{FAE04EC0-301F-11D3-BF4B-00C04F79EFBC}") = "Assembly-CSharp-Editor-firstpass", "Assembly-CSharp-Editor-firstpass.csproj", "{198DFBFB-E121-FDA7-14C1-B74DC6E9BDD5}"
EndProject
Global
	GlobalSection(SolutionConfigurationPlatforms) = preSolution
		Debug|Any CPU = Debug|Any CPU
		Release|Any CPU = Release|Any CPU
	EndGlobalSection
	GlobalSection(ProjectConfigurationPlatforms) = postSolution
		{7800B786-45A7-30F9-FF57-E55D0881083F}.Debug|Any CPU.ActiveCfg = Debug|Any CPU
		{7800B786-45A7-30F9-FF57-E55D0881083F}.Debug|Any CPU.Build.0 = Debug|Any CPU
		{7800B786-45A7-30F9-FF57-E55D0881083F}.Release|Any CPU.ActiveCfg = Release|Any CPU
		{7800B786-45A7-30F9-FF57-E55D0881083F}.Release|Any CPU.Build.0 = Release|Any CPU
		{FF50C1C0-6FAB-38EB-621D-6E2F7A7036CD}.Debug|Any CPU.ActiveCfg = Debug|Any CPU
		{FF50C1C0-6FAB-38EB-621D-6E2F7A7036CD}.Debug|Any CPU.Build.0 = Debug|Any CPU
		{FF50C1C0-6FAB-38EB-621D-6E2F7A7036CD}.Release|Any CPU.ActiveCfg = Release|Any CPU
		{FF50C1C0-6FAB-38EB-621D-6E2F7A7036CD}.Release|Any CPU.Build.0 = Release|Any CPU
		{F4196D06-35DC-667F-CD71-F2FC155EB4BD}.Debug|Any CPU.ActiveCfg = Debug|Any CPU
		{F4196D06-35DC-667F-CD71-F2FC155EB4BD}.Debug|Any CPU.Build.0 = Debug|Any CPU
		{F4196D06-35DC-667F-CD71-F2FC155EB4BD}.Release|Any CPU.ActiveCfg = Release|Any CPU
		{F4196D06-35DC-667F-CD71-F2FC155EB4BD}.Release|Any CPU.Build.0 = Release|Any CPU
		{198DFBFB-E121-FDA7-14C1-B74DC6E9BDD5}.Debug|Any CPU.ActiveCfg = Debug|Any CPU
		{198DFBFB-E121-FDA7-14C1-B74DC6E9BDD5}.Debug|Any CPU.Build.0 = Debug|Any CPU
		{198DFBFB-E121-FDA7-14C1-B74DC6E9BDD5}.Release|Any CPU.ActiveCfg = Release|Any CPU
		{198DFBFB-E121-FDA7-14C1-B74DC6E9BDD5}.Release|Any CPU.Build.0 = Release|Any CPU
	EndGlobalSection
	GlobalSection(SolutionProperties) = preSolution
		HideSolutionNode = FALSE
	EndGlobalSection
	GlobalSection(MonoDevelopProperties) = preSolution
		StartupItem = Assembly-CSharp.csproj
	EndGlobalSection
EndGlobal
